
Microsoft Visual Studio Solution File, Format Version 12.00
# Visual Studio Version 17
VisualStudioVersion = 17.1.32421.90
MinimumVisualStudioVersion = 15.0.26124.0
Project("{2150E333-8FDC-42A3-9474-1A3956D46DE8}") = "SystemTools", "SystemTools", "{908BFB5F-B92E-4D6A-8D9C-4E37E804B25F}"
EndProject
Project("{9A19103F-16F7-4668-BE54-9A1E7A4F7556}") = "SystemToolsShared", "..\SystemTools\SystemToolsShared\SystemToolsShared.csproj", "{F454B846-F746-4040-9529-D1B26CFAD209}"
EndProject
Project("{9A19103F-16F7-4668-BE54-9A1E7A4F7556}") = "ApAgent", "ApAgent\ApAgent.csproj", "{79EA364B-C975-431B-95DF-7C1386568FD8}"
EndProject
Project("{2150E333-8FDC-42A3-9474-1A3956D46DE8}") = "ConnectionTools", "ConnectionTools", "{77235EC6-15B4-4DA9-9791-C2A33D19E936}"
EndProject
Project("{9A19103F-16F7-4668-BE54-9A1E7A4F7556}") = "ConnectTools", "..\ConnectionTools\ConnectTools\ConnectTools.csproj", "{651F78B2-F6BF-4532-83F5-858626E433AA}"
EndProject
Project("{9A19103F-16F7-4668-BE54-9A1E7A4F7556}") = "CToolsFabric", "..\ConnectionTools\CToolsFabric\CToolsFabric.csproj", "{ADEC06D9-0286-412A-BB01-A12BFBCA1935}"
EndProject
Project("{9A19103F-16F7-4668-BE54-9A1E7A4F7556}") = "FTPTools", "..\ConnectionTools\FTPTools\FTPTools.csproj", "{54AC082E-60DA-4C4E-A425-77163CF86EDE}"
EndProject
Project("{2150E333-8FDC-42A3-9474-1A3956D46DE8}") = "AppCliTools", "AppCliTools", "{0798047A-5771-456C-AB51-E08FD8399189}"
EndProject
Project("{9A19103F-16F7-4668-BE54-9A1E7A4F7556}") = "CliParametersEdit", "..\AppCliTools\CliParametersEdit\CliParametersEdit.csproj", "{9C81C1E5-D9A5-4D82-ADC4-D3FBD521E1FB}"
EndProject
Project("{9A19103F-16F7-4668-BE54-9A1E7A4F7556}") = "CliTools", "..\AppCliTools\CliTools\CliTools.csproj", "{973C2842-FCAE-4880-A6B3-A704BBD8734A}"
EndProject
Project("{9A19103F-16F7-4668-BE54-9A1E7A4F7556}") = "CliParameters", "..\AppCliTools\CliParameters\CliParameters.csproj", "{72A81CDB-12AC-4B8F-828D-E1B81AE1F453}"
EndProject
Project("{9A19103F-16F7-4668-BE54-9A1E7A4F7556}") = "SystemToolsShared.Tests", "..\SystemTools\SystemToolsShared.Tests\SystemToolsShared.Tests.csproj", "{DBB46CB3-7D55-4F12-9581-500E4C103E0C}"
EndProject
Project("{9A19103F-16F7-4668-BE54-9A1E7A4F7556}") = "CliParametersDataEdit", "..\AppCliTools\CliParametersDataEdit\CliParametersDataEdit.csproj", "{FB0741B9-AB11-41F8-B46B-5A9E3B153C38}"
EndProject
Project("{9A19103F-16F7-4668-BE54-9A1E7A4F7556}") = "CliParametersExcludeSetsEdit", "..\AppCliTools\CliParametersExcludeSetsEdit\CliParametersExcludeSetsEdit.csproj", "{8DCFCBD7-C621-4045-A27D-FE3E16B9DBFF}"
EndProject
Project("{9A19103F-16F7-4668-BE54-9A1E7A4F7556}") = "CliParametersApiClientsEdit", "..\AppCliTools\CliParametersApiClientsEdit\CliParametersApiClientsEdit.csproj", "{80BB989F-95FA-413D-8296-9A5FF9480A73}"
EndProject
Project("{9A19103F-16F7-4668-BE54-9A1E7A4F7556}") = "CliMenu", "..\AppCliTools\CliMenu\CliMenu.csproj", "{B3E3378A-7FD6-4C4C-8044-13A0F8AF7127}"
EndProject
Project("{2150E333-8FDC-42A3-9474-1A3956D46DE8}") = "WebAgentContracts", "WebAgentContracts", "{3ED6D831-08E5-4794-A5A6-C70FB9140668}"
EndProject
Project("{9A19103F-16F7-4668-BE54-9A1E7A4F7556}") = "LibMenuInput", "..\AppCliTools\LibMenuInput\LibMenuInput.csproj", "{4126EB2D-FA0D-4FAD-9BD8-A36EDE985E2D}"
EndProject
Project("{9A19103F-16F7-4668-BE54-9A1E7A4F7556}") = "LibDataInput", "..\AppCliTools\LibDataInput\LibDataInput.csproj", "{D1803B19-CDA4-4B73-9340-E7C3ACFAC9D9}"
EndProject
Project("{2150E333-8FDC-42A3-9474-1A3956D46DE8}") = "DatabaseTools", "DatabaseTools", "{FE92B26F-EB58-4924-933E-9C72911556D2}"
EndProject
Project("{9A19103F-16F7-4668-BE54-9A1E7A4F7556}") = "DbTools", "..\DatabaseTools\DbTools\DbTools.csproj", "{CB5E2A74-C74A-46D2-B8F4-7560F74E20A9}"
EndProject
Project("{9A19103F-16F7-4668-BE54-9A1E7A4F7556}") = "SqLiteDbTools", "..\DatabaseTools\SqLiteDbTools\SqLiteDbTools.csproj", "{6F74A79F-3932-4C0F-AECF-247F6BD5D536}"
EndProject
Project("{9A19103F-16F7-4668-BE54-9A1E7A4F7556}") = "SqlServerDbTools", "..\DatabaseTools\SqlServerDbTools\SqlServerDbTools.csproj", "{D6BF4523-2EFA-462D-8152-72055422C5AA}"
EndProject
Project("{9A19103F-16F7-4668-BE54-9A1E7A4F7556}") = "DbToolsFabric", "..\DatabaseTools\DbToolsFabric\DbToolsFabric.csproj", "{0256C42F-AC43-4579-B83C-6621A396DE07}"
EndProject
Project("{2150E333-8FDC-42A3-9474-1A3956D46DE8}") = "ParametersManagement", "ParametersManagement", "{56756262-93D4-4A90-A960-BDF16BF2B224}"
EndProject
Project("{9A19103F-16F7-4668-BE54-9A1E7A4F7556}") = "LibParameters", "..\ParametersManagement\LibParameters\LibParameters.csproj", "{C234FFB8-9942-48E9-A3F9-87677C03D8E9}"
EndProject
Project("{2150E333-8FDC-42A3-9474-1A3956D46DE8}") = "ToolsManagement", "ToolsManagement", "{DAF25E8B-BC62-42CA-9729-FA5C803A3EB3}"
EndProject
Project("{9A19103F-16F7-4668-BE54-9A1E7A4F7556}") = "LibToolActions", "..\ToolsManagement\LibToolActions\LibToolActions.csproj", "{F4287799-195F-4F9B-B2BC-86CB03635C7F}"
EndProject
Project("{9A19103F-16F7-4668-BE54-9A1E7A4F7556}") = "Installer", "..\ToolsManagement\Installer\Installer.csproj", "{D221D435-27BE-43E5-BBD1-A7AEA8B51861}"
EndProject
Project("{9A19103F-16F7-4668-BE54-9A1E7A4F7556}") = "FileManagersMain", "..\ToolsManagement\FileManagersMain\FileManagersMain.csproj", "{20E7E2C4-C7B6-49A7-B2C0-8A668D0B3311}"
EndProject
Project("{9A19103F-16F7-4668-BE54-9A1E7A4F7556}") = "LibFileParameters", "..\ParametersManagement\LibFileParameters\LibFileParameters.csproj", "{51A7CE7C-4D4B-4105-973C-A7C71848E7C1}"
EndProject
Project("{9A19103F-16F7-4668-BE54-9A1E7A4F7556}") = "LibDatabaseParameters", "..\ParametersManagement\LibDatabaseParameters\LibDatabaseParameters.csproj", "{0D1EB969-5B78-492A-8F5B-F73D69CC0D63}"
EndProject
Project("{9A19103F-16F7-4668-BE54-9A1E7A4F7556}") = "LibApiClientParameters", "..\ParametersManagement\LibApiClientParameters\LibApiClientParameters.csproj", "{4DDBF43D-E39F-42F7-89E8-B4965A8D01C6}"
EndProject
Project("{9A19103F-16F7-4668-BE54-9A1E7A4F7556}") = "CompressionManagement", "..\ToolsManagement\CompressionManagement\CompressionManagement.csproj", "{44665384-DBD5-457D-B565-C7DEA3463266}"
EndProject
Project("{2150E333-8FDC-42A3-9474-1A3956D46DE8}") = "ApAgentData", "ApAgentData", "{A5D278E5-80BD-4644-9EA3-D56FAC94245F}"
EndProject
Project("{9A19103F-16F7-4668-BE54-9A1E7A4F7556}") = "LibApAgentData", "..\ApAgentData\LibApAgentData\LibApAgentData.csproj", "{06DB55BB-45D7-4ECA-B420-CF429151DB27}"
EndProject
Project("{9A19103F-16F7-4668-BE54-9A1E7A4F7556}") = "SignalRClient", "..\SystemTools\SignalRClient\SignalRClient.csproj", "{619C5DE2-231F-4873-AED0-AAB5BE43707C}"
EndProject
Project("{9A19103F-16F7-4668-BE54-9A1E7A4F7556}") = "WebAgentDatabasesApiContracts", "..\WebAgentContracts\WebAgentDatabasesApiContracts\WebAgentDatabasesApiContracts.csproj", "{5DA719EF-2894-470F-BD87-2D7B20D0CEA3}"
EndProject
Project("{9A19103F-16F7-4668-BE54-9A1E7A4F7556}") = "DatabasesManagement", "..\ToolsManagement\DatabasesManagement\DatabasesManagement.csproj", "{C6554CB8-6186-4453-B657-75A3E5139340}"
EndProject
Project("{9A19103F-16F7-4668-BE54-9A1E7A4F7556}") = "WebAgentProjectsApiContracts", "..\WebAgentContracts\WebAgentProjectsApiContracts\WebAgentProjectsApiContracts.csproj", "{94CD385D-B318-4586-833F-12839AE3212D}"
EndProject
Project("{2150E333-8FDC-42A3-9474-1A3956D46DE8}") = "Solution Items", "Solution Items", "{56DC271A-CE7E-41E0-A26D-BE7B2186E63B}"
	ProjectSection(SolutionItems) = preProject
		.editorconfig = .editorconfig
	EndProjectSection
EndProject
Project("{9A19103F-16F7-4668-BE54-9A1E7A4F7556}") = "ApiClientsManagement", "..\ToolsManagement\ApiClientsManagement\ApiClientsManagement.csproj", "{C26C1C70-79E0-4A0C-A694-C0AB71352E38}"
EndProject
Global
	GlobalSection(SolutionConfigurationPlatforms) = preSolution
		Debug|Any CPU = Debug|Any CPU
		Debug|x64 = Debug|x64
		Debug|x86 = Debug|x86
		Release|Any CPU = Release|Any CPU
		Release|x64 = Release|x64
		Release|x86 = Release|x86
	EndGlobalSection
	GlobalSection(ProjectConfigurationPlatforms) = postSolution
		{F454B846-F746-4040-9529-D1B26CFAD209}.Debug|Any CPU.ActiveCfg = Debug|Any CPU
		{F454B846-F746-4040-9529-D1B26CFAD209}.Debug|Any CPU.Build.0 = Debug|Any CPU
		{F454B846-F746-4040-9529-D1B26CFAD209}.Debug|x64.ActiveCfg = Debug|Any CPU
		{F454B846-F746-4040-9529-D1B26CFAD209}.Debug|x64.Build.0 = Debug|Any CPU
		{F454B846-F746-4040-9529-D1B26CFAD209}.Debug|x86.ActiveCfg = Debug|Any CPU
		{F454B846-F746-4040-9529-D1B26CFAD209}.Debug|x86.Build.0 = Debug|Any CPU
		{F454B846-F746-4040-9529-D1B26CFAD209}.Release|Any CPU.ActiveCfg = Release|Any CPU
		{F454B846-F746-4040-9529-D1B26CFAD209}.Release|Any CPU.Build.0 = Release|Any CPU
		{F454B846-F746-4040-9529-D1B26CFAD209}.Release|x64.ActiveCfg = Release|Any CPU
		{F454B846-F746-4040-9529-D1B26CFAD209}.Release|x64.Build.0 = Release|Any CPU
		{F454B846-F746-4040-9529-D1B26CFAD209}.Release|x86.ActiveCfg = Release|Any CPU
		{F454B846-F746-4040-9529-D1B26CFAD209}.Release|x86.Build.0 = Release|Any CPU
		{79EA364B-C975-431B-95DF-7C1386568FD8}.Debug|Any CPU.ActiveCfg = Debug|Any CPU
		{79EA364B-C975-431B-95DF-7C1386568FD8}.Debug|Any CPU.Build.0 = Debug|Any CPU
		{79EA364B-C975-431B-95DF-7C1386568FD8}.Debug|x64.ActiveCfg = Debug|Any CPU
		{79EA364B-C975-431B-95DF-7C1386568FD8}.Debug|x64.Build.0 = Debug|Any CPU
		{79EA364B-C975-431B-95DF-7C1386568FD8}.Debug|x86.ActiveCfg = Debug|Any CPU
		{79EA364B-C975-431B-95DF-7C1386568FD8}.Debug|x86.Build.0 = Debug|Any CPU
		{79EA364B-C975-431B-95DF-7C1386568FD8}.Release|Any CPU.ActiveCfg = Release|Any CPU
		{79EA364B-C975-431B-95DF-7C1386568FD8}.Release|Any CPU.Build.0 = Release|Any CPU
		{79EA364B-C975-431B-95DF-7C1386568FD8}.Release|x64.ActiveCfg = Release|Any CPU
		{79EA364B-C975-431B-95DF-7C1386568FD8}.Release|x64.Build.0 = Release|Any CPU
		{79EA364B-C975-431B-95DF-7C1386568FD8}.Release|x86.ActiveCfg = Release|Any CPU
		{79EA364B-C975-431B-95DF-7C1386568FD8}.Release|x86.Build.0 = Release|Any CPU
		{651F78B2-F6BF-4532-83F5-858626E433AA}.Debug|Any CPU.ActiveCfg = Debug|Any CPU
		{651F78B2-F6BF-4532-83F5-858626E433AA}.Debug|Any CPU.Build.0 = Debug|Any CPU
		{651F78B2-F6BF-4532-83F5-858626E433AA}.Debug|x64.ActiveCfg = Debug|Any CPU
		{651F78B2-F6BF-4532-83F5-858626E433AA}.Debug|x64.Build.0 = Debug|Any CPU
		{651F78B2-F6BF-4532-83F5-858626E433AA}.Debug|x86.ActiveCfg = Debug|Any CPU
		{651F78B2-F6BF-4532-83F5-858626E433AA}.Debug|x86.Build.0 = Debug|Any CPU
		{651F78B2-F6BF-4532-83F5-858626E433AA}.Release|Any CPU.ActiveCfg = Release|Any CPU
		{651F78B2-F6BF-4532-83F5-858626E433AA}.Release|Any CPU.Build.0 = Release|Any CPU
		{651F78B2-F6BF-4532-83F5-858626E433AA}.Release|x64.ActiveCfg = Release|Any CPU
		{651F78B2-F6BF-4532-83F5-858626E433AA}.Release|x64.Build.0 = Release|Any CPU
		{651F78B2-F6BF-4532-83F5-858626E433AA}.Release|x86.ActiveCfg = Release|Any CPU
		{651F78B2-F6BF-4532-83F5-858626E433AA}.Release|x86.Build.0 = Release|Any CPU
		{ADEC06D9-0286-412A-BB01-A12BFBCA1935}.Debug|Any CPU.ActiveCfg = Debug|Any CPU
		{ADEC06D9-0286-412A-BB01-A12BFBCA1935}.Debug|Any CPU.Build.0 = Debug|Any CPU
		{ADEC06D9-0286-412A-BB01-A12BFBCA1935}.Debug|x64.ActiveCfg = Debug|Any CPU
		{ADEC06D9-0286-412A-BB01-A12BFBCA1935}.Debug|x64.Build.0 = Debug|Any CPU
		{ADEC06D9-0286-412A-BB01-A12BFBCA1935}.Debug|x86.ActiveCfg = Debug|Any CPU
		{ADEC06D9-0286-412A-BB01-A12BFBCA1935}.Debug|x86.Build.0 = Debug|Any CPU
		{ADEC06D9-0286-412A-BB01-A12BFBCA1935}.Release|Any CPU.ActiveCfg = Release|Any CPU
		{ADEC06D9-0286-412A-BB01-A12BFBCA1935}.Release|Any CPU.Build.0 = Release|Any CPU
		{ADEC06D9-0286-412A-BB01-A12BFBCA1935}.Release|x64.ActiveCfg = Release|Any CPU
		{ADEC06D9-0286-412A-BB01-A12BFBCA1935}.Release|x64.Build.0 = Release|Any CPU
		{ADEC06D9-0286-412A-BB01-A12BFBCA1935}.Release|x86.ActiveCfg = Release|Any CPU
		{ADEC06D9-0286-412A-BB01-A12BFBCA1935}.Release|x86.Build.0 = Release|Any CPU
		{54AC082E-60DA-4C4E-A425-77163CF86EDE}.Debug|Any CPU.ActiveCfg = Debug|Any CPU
		{54AC082E-60DA-4C4E-A425-77163CF86EDE}.Debug|Any CPU.Build.0 = Debug|Any CPU
		{54AC082E-60DA-4C4E-A425-77163CF86EDE}.Debug|x64.ActiveCfg = Debug|Any CPU
		{54AC082E-60DA-4C4E-A425-77163CF86EDE}.Debug|x64.Build.0 = Debug|Any CPU
		{54AC082E-60DA-4C4E-A425-77163CF86EDE}.Debug|x86.ActiveCfg = Debug|Any CPU
		{54AC082E-60DA-4C4E-A425-77163CF86EDE}.Debug|x86.Build.0 = Debug|Any CPU
		{54AC082E-60DA-4C4E-A425-77163CF86EDE}.Release|Any CPU.ActiveCfg = Release|Any CPU
		{54AC082E-60DA-4C4E-A425-77163CF86EDE}.Release|Any CPU.Build.0 = Release|Any CPU
		{54AC082E-60DA-4C4E-A425-77163CF86EDE}.Release|x64.ActiveCfg = Release|Any CPU
		{54AC082E-60DA-4C4E-A425-77163CF86EDE}.Release|x64.Build.0 = Release|Any CPU
		{54AC082E-60DA-4C4E-A425-77163CF86EDE}.Release|x86.ActiveCfg = Release|Any CPU
		{54AC082E-60DA-4C4E-A425-77163CF86EDE}.Release|x86.Build.0 = Release|Any CPU
		{9C81C1E5-D9A5-4D82-ADC4-D3FBD521E1FB}.Debug|Any CPU.ActiveCfg = Debug|Any CPU
		{9C81C1E5-D9A5-4D82-ADC4-D3FBD521E1FB}.Debug|Any CPU.Build.0 = Debug|Any CPU
		{9C81C1E5-D9A5-4D82-ADC4-D3FBD521E1FB}.Debug|x64.ActiveCfg = Debug|Any CPU
		{9C81C1E5-D9A5-4D82-ADC4-D3FBD521E1FB}.Debug|x64.Build.0 = Debug|Any CPU
		{9C81C1E5-D9A5-4D82-ADC4-D3FBD521E1FB}.Debug|x86.ActiveCfg = Debug|Any CPU
		{9C81C1E5-D9A5-4D82-ADC4-D3FBD521E1FB}.Debug|x86.Build.0 = Debug|Any CPU
		{9C81C1E5-D9A5-4D82-ADC4-D3FBD521E1FB}.Release|Any CPU.ActiveCfg = Release|Any CPU
		{9C81C1E5-D9A5-4D82-ADC4-D3FBD521E1FB}.Release|Any CPU.Build.0 = Release|Any CPU
		{9C81C1E5-D9A5-4D82-ADC4-D3FBD521E1FB}.Release|x64.ActiveCfg = Release|Any CPU
		{9C81C1E5-D9A5-4D82-ADC4-D3FBD521E1FB}.Release|x64.Build.0 = Release|Any CPU
		{9C81C1E5-D9A5-4D82-ADC4-D3FBD521E1FB}.Release|x86.ActiveCfg = Release|Any CPU
		{9C81C1E5-D9A5-4D82-ADC4-D3FBD521E1FB}.Release|x86.Build.0 = Release|Any CPU
		{973C2842-FCAE-4880-A6B3-A704BBD8734A}.Debug|Any CPU.ActiveCfg = Debug|Any CPU
		{973C2842-FCAE-4880-A6B3-A704BBD8734A}.Debug|Any CPU.Build.0 = Debug|Any CPU
		{973C2842-FCAE-4880-A6B3-A704BBD8734A}.Debug|x64.ActiveCfg = Debug|Any CPU
		{973C2842-FCAE-4880-A6B3-A704BBD8734A}.Debug|x64.Build.0 = Debug|Any CPU
		{973C2842-FCAE-4880-A6B3-A704BBD8734A}.Debug|x86.ActiveCfg = Debug|Any CPU
		{973C2842-FCAE-4880-A6B3-A704BBD8734A}.Debug|x86.Build.0 = Debug|Any CPU
		{973C2842-FCAE-4880-A6B3-A704BBD8734A}.Release|Any CPU.ActiveCfg = Release|Any CPU
		{973C2842-FCAE-4880-A6B3-A704BBD8734A}.Release|Any CPU.Build.0 = Release|Any CPU
		{973C2842-FCAE-4880-A6B3-A704BBD8734A}.Release|x64.ActiveCfg = Release|Any CPU
		{973C2842-FCAE-4880-A6B3-A704BBD8734A}.Release|x64.Build.0 = Release|Any CPU
		{973C2842-FCAE-4880-A6B3-A704BBD8734A}.Release|x86.ActiveCfg = Release|Any CPU
		{973C2842-FCAE-4880-A6B3-A704BBD8734A}.Release|x86.Build.0 = Release|Any CPU
		{72A81CDB-12AC-4B8F-828D-E1B81AE1F453}.Debug|Any CPU.ActiveCfg = Debug|Any CPU
		{72A81CDB-12AC-4B8F-828D-E1B81AE1F453}.Debug|Any CPU.Build.0 = Debug|Any CPU
		{72A81CDB-12AC-4B8F-828D-E1B81AE1F453}.Debug|x64.ActiveCfg = Debug|Any CPU
		{72A81CDB-12AC-4B8F-828D-E1B81AE1F453}.Debug|x64.Build.0 = Debug|Any CPU
		{72A81CDB-12AC-4B8F-828D-E1B81AE1F453}.Debug|x86.ActiveCfg = Debug|Any CPU
		{72A81CDB-12AC-4B8F-828D-E1B81AE1F453}.Debug|x86.Build.0 = Debug|Any CPU
		{72A81CDB-12AC-4B8F-828D-E1B81AE1F453}.Release|Any CPU.ActiveCfg = Release|Any CPU
		{72A81CDB-12AC-4B8F-828D-E1B81AE1F453}.Release|Any CPU.Build.0 = Release|Any CPU
		{72A81CDB-12AC-4B8F-828D-E1B81AE1F453}.Release|x64.ActiveCfg = Release|Any CPU
		{72A81CDB-12AC-4B8F-828D-E1B81AE1F453}.Release|x64.Build.0 = Release|Any CPU
		{72A81CDB-12AC-4B8F-828D-E1B81AE1F453}.Release|x86.ActiveCfg = Release|Any CPU
		{72A81CDB-12AC-4B8F-828D-E1B81AE1F453}.Release|x86.Build.0 = Release|Any CPU
		{DBB46CB3-7D55-4F12-9581-500E4C103E0C}.Debug|Any CPU.ActiveCfg = Debug|Any CPU
		{DBB46CB3-7D55-4F12-9581-500E4C103E0C}.Debug|Any CPU.Build.0 = Debug|Any CPU
		{DBB46CB3-7D55-4F12-9581-500E4C103E0C}.Debug|x64.ActiveCfg = Debug|Any CPU
		{DBB46CB3-7D55-4F12-9581-500E4C103E0C}.Debug|x64.Build.0 = Debug|Any CPU
		{DBB46CB3-7D55-4F12-9581-500E4C103E0C}.Debug|x86.ActiveCfg = Debug|Any CPU
		{DBB46CB3-7D55-4F12-9581-500E4C103E0C}.Debug|x86.Build.0 = Debug|Any CPU
		{DBB46CB3-7D55-4F12-9581-500E4C103E0C}.Release|Any CPU.ActiveCfg = Release|Any CPU
		{DBB46CB3-7D55-4F12-9581-500E4C103E0C}.Release|Any CPU.Build.0 = Release|Any CPU
		{DBB46CB3-7D55-4F12-9581-500E4C103E0C}.Release|x64.ActiveCfg = Release|Any CPU
		{DBB46CB3-7D55-4F12-9581-500E4C103E0C}.Release|x64.Build.0 = Release|Any CPU
		{DBB46CB3-7D55-4F12-9581-500E4C103E0C}.Release|x86.ActiveCfg = Release|Any CPU
		{DBB46CB3-7D55-4F12-9581-500E4C103E0C}.Release|x86.Build.0 = Release|Any CPU
		{FB0741B9-AB11-41F8-B46B-5A9E3B153C38}.Debug|Any CPU.ActiveCfg = Debug|Any CPU
		{FB0741B9-AB11-41F8-B46B-5A9E3B153C38}.Debug|Any CPU.Build.0 = Debug|Any CPU
		{FB0741B9-AB11-41F8-B46B-5A9E3B153C38}.Debug|x64.ActiveCfg = Debug|Any CPU
		{FB0741B9-AB11-41F8-B46B-5A9E3B153C38}.Debug|x64.Build.0 = Debug|Any CPU
		{FB0741B9-AB11-41F8-B46B-5A9E3B153C38}.Debug|x86.ActiveCfg = Debug|Any CPU
		{FB0741B9-AB11-41F8-B46B-5A9E3B153C38}.Debug|x86.Build.0 = Debug|Any CPU
		{FB0741B9-AB11-41F8-B46B-5A9E3B153C38}.Release|Any CPU.ActiveCfg = Release|Any CPU
		{FB0741B9-AB11-41F8-B46B-5A9E3B153C38}.Release|Any CPU.Build.0 = Release|Any CPU
		{FB0741B9-AB11-41F8-B46B-5A9E3B153C38}.Release|x64.ActiveCfg = Release|Any CPU
		{FB0741B9-AB11-41F8-B46B-5A9E3B153C38}.Release|x64.Build.0 = Release|Any CPU
		{FB0741B9-AB11-41F8-B46B-5A9E3B153C38}.Release|x86.ActiveCfg = Release|Any CPU
		{FB0741B9-AB11-41F8-B46B-5A9E3B153C38}.Release|x86.Build.0 = Release|Any CPU
		{8DCFCBD7-C621-4045-A27D-FE3E16B9DBFF}.Debug|Any CPU.ActiveCfg = Debug|Any CPU
		{8DCFCBD7-C621-4045-A27D-FE3E16B9DBFF}.Debug|Any CPU.Build.0 = Debug|Any CPU
		{8DCFCBD7-C621-4045-A27D-FE3E16B9DBFF}.Debug|x64.ActiveCfg = Debug|Any CPU
		{8DCFCBD7-C621-4045-A27D-FE3E16B9DBFF}.Debug|x64.Build.0 = Debug|Any CPU
		{8DCFCBD7-C621-4045-A27D-FE3E16B9DBFF}.Debug|x86.ActiveCfg = Debug|Any CPU
		{8DCFCBD7-C621-4045-A27D-FE3E16B9DBFF}.Debug|x86.Build.0 = Debug|Any CPU
		{8DCFCBD7-C621-4045-A27D-FE3E16B9DBFF}.Release|Any CPU.ActiveCfg = Release|Any CPU
		{8DCFCBD7-C621-4045-A27D-FE3E16B9DBFF}.Release|Any CPU.Build.0 = Release|Any CPU
		{8DCFCBD7-C621-4045-A27D-FE3E16B9DBFF}.Release|x64.ActiveCfg = Release|Any CPU
		{8DCFCBD7-C621-4045-A27D-FE3E16B9DBFF}.Release|x64.Build.0 = Release|Any CPU
		{8DCFCBD7-C621-4045-A27D-FE3E16B9DBFF}.Release|x86.ActiveCfg = Release|Any CPU
		{8DCFCBD7-C621-4045-A27D-FE3E16B9DBFF}.Release|x86.Build.0 = Release|Any CPU
		{80BB989F-95FA-413D-8296-9A5FF9480A73}.Debug|Any CPU.ActiveCfg = Debug|Any CPU
		{80BB989F-95FA-413D-8296-9A5FF9480A73}.Debug|Any CPU.Build.0 = Debug|Any CPU
		{80BB989F-95FA-413D-8296-9A5FF9480A73}.Debug|x64.ActiveCfg = Debug|Any CPU
		{80BB989F-95FA-413D-8296-9A5FF9480A73}.Debug|x64.Build.0 = Debug|Any CPU
		{80BB989F-95FA-413D-8296-9A5FF9480A73}.Debug|x86.ActiveCfg = Debug|Any CPU
		{80BB989F-95FA-413D-8296-9A5FF9480A73}.Debug|x86.Build.0 = Debug|Any CPU
		{80BB989F-95FA-413D-8296-9A5FF9480A73}.Release|Any CPU.ActiveCfg = Release|Any CPU
		{80BB989F-95FA-413D-8296-9A5FF9480A73}.Release|Any CPU.Build.0 = Release|Any CPU
		{80BB989F-95FA-413D-8296-9A5FF9480A73}.Release|x64.ActiveCfg = Release|Any CPU
		{80BB989F-95FA-413D-8296-9A5FF9480A73}.Release|x64.Build.0 = Release|Any CPU
		{80BB989F-95FA-413D-8296-9A5FF9480A73}.Release|x86.ActiveCfg = Release|Any CPU
		{80BB989F-95FA-413D-8296-9A5FF9480A73}.Release|x86.Build.0 = Release|Any CPU
		{B3E3378A-7FD6-4C4C-8044-13A0F8AF7127}.Debug|Any CPU.ActiveCfg = Debug|Any CPU
		{B3E3378A-7FD6-4C4C-8044-13A0F8AF7127}.Debug|Any CPU.Build.0 = Debug|Any CPU
		{B3E3378A-7FD6-4C4C-8044-13A0F8AF7127}.Debug|x64.ActiveCfg = Debug|Any CPU
		{B3E3378A-7FD6-4C4C-8044-13A0F8AF7127}.Debug|x64.Build.0 = Debug|Any CPU
		{B3E3378A-7FD6-4C4C-8044-13A0F8AF7127}.Debug|x86.ActiveCfg = Debug|Any CPU
		{B3E3378A-7FD6-4C4C-8044-13A0F8AF7127}.Debug|x86.Build.0 = Debug|Any CPU
		{B3E3378A-7FD6-4C4C-8044-13A0F8AF7127}.Release|Any CPU.ActiveCfg = Release|Any CPU
		{B3E3378A-7FD6-4C4C-8044-13A0F8AF7127}.Release|Any CPU.Build.0 = Release|Any CPU
		{B3E3378A-7FD6-4C4C-8044-13A0F8AF7127}.Release|x64.ActiveCfg = Release|Any CPU
		{B3E3378A-7FD6-4C4C-8044-13A0F8AF7127}.Release|x64.Build.0 = Release|Any CPU
		{B3E3378A-7FD6-4C4C-8044-13A0F8AF7127}.Release|x86.ActiveCfg = Release|Any CPU
		{B3E3378A-7FD6-4C4C-8044-13A0F8AF7127}.Release|x86.Build.0 = Release|Any CPU
		{4126EB2D-FA0D-4FAD-9BD8-A36EDE985E2D}.Debug|Any CPU.ActiveCfg = Debug|Any CPU
		{4126EB2D-FA0D-4FAD-9BD8-A36EDE985E2D}.Debug|Any CPU.Build.0 = Debug|Any CPU
		{4126EB2D-FA0D-4FAD-9BD8-A36EDE985E2D}.Debug|x64.ActiveCfg = Debug|Any CPU
		{4126EB2D-FA0D-4FAD-9BD8-A36EDE985E2D}.Debug|x64.Build.0 = Debug|Any CPU
		{4126EB2D-FA0D-4FAD-9BD8-A36EDE985E2D}.Debug|x86.ActiveCfg = Debug|Any CPU
		{4126EB2D-FA0D-4FAD-9BD8-A36EDE985E2D}.Debug|x86.Build.0 = Debug|Any CPU
		{4126EB2D-FA0D-4FAD-9BD8-A36EDE985E2D}.Release|Any CPU.ActiveCfg = Release|Any CPU
		{4126EB2D-FA0D-4FAD-9BD8-A36EDE985E2D}.Release|Any CPU.Build.0 = Release|Any CPU
		{4126EB2D-FA0D-4FAD-9BD8-A36EDE985E2D}.Release|x64.ActiveCfg = Release|Any CPU
		{4126EB2D-FA0D-4FAD-9BD8-A36EDE985E2D}.Release|x64.Build.0 = Release|Any CPU
		{4126EB2D-FA0D-4FAD-9BD8-A36EDE985E2D}.Release|x86.ActiveCfg = Release|Any CPU
		{4126EB2D-FA0D-4FAD-9BD8-A36EDE985E2D}.Release|x86.Build.0 = Release|Any CPU
		{D1803B19-CDA4-4B73-9340-E7C3ACFAC9D9}.Debug|Any CPU.ActiveCfg = Debug|Any CPU
		{D1803B19-CDA4-4B73-9340-E7C3ACFAC9D9}.Debug|Any CPU.Build.0 = Debug|Any CPU
		{D1803B19-CDA4-4B73-9340-E7C3ACFAC9D9}.Debug|x64.ActiveCfg = Debug|Any CPU
		{D1803B19-CDA4-4B73-9340-E7C3ACFAC9D9}.Debug|x64.Build.0 = Debug|Any CPU
		{D1803B19-CDA4-4B73-9340-E7C3ACFAC9D9}.Debug|x86.ActiveCfg = Debug|Any CPU
		{D1803B19-CDA4-4B73-9340-E7C3ACFAC9D9}.Debug|x86.Build.0 = Debug|Any CPU
		{D1803B19-CDA4-4B73-9340-E7C3ACFAC9D9}.Release|Any CPU.ActiveCfg = Release|Any CPU
		{D1803B19-CDA4-4B73-9340-E7C3ACFAC9D9}.Release|Any CPU.Build.0 = Release|Any CPU
		{D1803B19-CDA4-4B73-9340-E7C3ACFAC9D9}.Release|x64.ActiveCfg = Release|Any CPU
		{D1803B19-CDA4-4B73-9340-E7C3ACFAC9D9}.Release|x64.Build.0 = Release|Any CPU
		{D1803B19-CDA4-4B73-9340-E7C3ACFAC9D9}.Release|x86.ActiveCfg = Release|Any CPU
		{D1803B19-CDA4-4B73-9340-E7C3ACFAC9D9}.Release|x86.Build.0 = Release|Any CPU
		{CB5E2A74-C74A-46D2-B8F4-7560F74E20A9}.Debug|Any CPU.ActiveCfg = Debug|Any CPU
		{CB5E2A74-C74A-46D2-B8F4-7560F74E20A9}.Debug|Any CPU.Build.0 = Debug|Any CPU
		{CB5E2A74-C74A-46D2-B8F4-7560F74E20A9}.Debug|x64.ActiveCfg = Debug|Any CPU
		{CB5E2A74-C74A-46D2-B8F4-7560F74E20A9}.Debug|x64.Build.0 = Debug|Any CPU
		{CB5E2A74-C74A-46D2-B8F4-7560F74E20A9}.Debug|x86.ActiveCfg = Debug|Any CPU
		{CB5E2A74-C74A-46D2-B8F4-7560F74E20A9}.Debug|x86.Build.0 = Debug|Any CPU
		{CB5E2A74-C74A-46D2-B8F4-7560F74E20A9}.Release|Any CPU.ActiveCfg = Release|Any CPU
		{CB5E2A74-C74A-46D2-B8F4-7560F74E20A9}.Release|Any CPU.Build.0 = Release|Any CPU
		{CB5E2A74-C74A-46D2-B8F4-7560F74E20A9}.Release|x64.ActiveCfg = Release|Any CPU
		{CB5E2A74-C74A-46D2-B8F4-7560F74E20A9}.Release|x64.Build.0 = Release|Any CPU
		{CB5E2A74-C74A-46D2-B8F4-7560F74E20A9}.Release|x86.ActiveCfg = Release|Any CPU
		{CB5E2A74-C74A-46D2-B8F4-7560F74E20A9}.Release|x86.Build.0 = Release|Any CPU
		{6F74A79F-3932-4C0F-AECF-247F6BD5D536}.Debug|Any CPU.ActiveCfg = Debug|Any CPU
		{6F74A79F-3932-4C0F-AECF-247F6BD5D536}.Debug|Any CPU.Build.0 = Debug|Any CPU
		{6F74A79F-3932-4C0F-AECF-247F6BD5D536}.Debug|x64.ActiveCfg = Debug|Any CPU
		{6F74A79F-3932-4C0F-AECF-247F6BD5D536}.Debug|x64.Build.0 = Debug|Any CPU
		{6F74A79F-3932-4C0F-AECF-247F6BD5D536}.Debug|x86.ActiveCfg = Debug|Any CPU
		{6F74A79F-3932-4C0F-AECF-247F6BD5D536}.Debug|x86.Build.0 = Debug|Any CPU
		{6F74A79F-3932-4C0F-AECF-247F6BD5D536}.Release|Any CPU.ActiveCfg = Release|Any CPU
		{6F74A79F-3932-4C0F-AECF-247F6BD5D536}.Release|Any CPU.Build.0 = Release|Any CPU
		{6F74A79F-3932-4C0F-AECF-247F6BD5D536}.Release|x64.ActiveCfg = Release|Any CPU
		{6F74A79F-3932-4C0F-AECF-247F6BD5D536}.Release|x64.Build.0 = Release|Any CPU
		{6F74A79F-3932-4C0F-AECF-247F6BD5D536}.Release|x86.ActiveCfg = Release|Any CPU
		{6F74A79F-3932-4C0F-AECF-247F6BD5D536}.Release|x86.Build.0 = Release|Any CPU
		{D6BF4523-2EFA-462D-8152-72055422C5AA}.Debug|Any CPU.ActiveCfg = Debug|Any CPU
		{D6BF4523-2EFA-462D-8152-72055422C5AA}.Debug|Any CPU.Build.0 = Debug|Any CPU
		{D6BF4523-2EFA-462D-8152-72055422C5AA}.Debug|x64.ActiveCfg = Debug|Any CPU
		{D6BF4523-2EFA-462D-8152-72055422C5AA}.Debug|x64.Build.0 = Debug|Any CPU
		{D6BF4523-2EFA-462D-8152-72055422C5AA}.Debug|x86.ActiveCfg = Debug|Any CPU
		{D6BF4523-2EFA-462D-8152-72055422C5AA}.Debug|x86.Build.0 = Debug|Any CPU
		{D6BF4523-2EFA-462D-8152-72055422C5AA}.Release|Any CPU.ActiveCfg = Release|Any CPU
		{D6BF4523-2EFA-462D-8152-72055422C5AA}.Release|Any CPU.Build.0 = Release|Any CPU
		{D6BF4523-2EFA-462D-8152-72055422C5AA}.Release|x64.ActiveCfg = Release|Any CPU
		{D6BF4523-2EFA-462D-8152-72055422C5AA}.Release|x64.Build.0 = Release|Any CPU
		{D6BF4523-2EFA-462D-8152-72055422C5AA}.Release|x86.ActiveCfg = Release|Any CPU
		{D6BF4523-2EFA-462D-8152-72055422C5AA}.Release|x86.Build.0 = Release|Any CPU
		{0256C42F-AC43-4579-B83C-6621A396DE07}.Debug|Any CPU.ActiveCfg = Debug|Any CPU
		{0256C42F-AC43-4579-B83C-6621A396DE07}.Debug|Any CPU.Build.0 = Debug|Any CPU
		{0256C42F-AC43-4579-B83C-6621A396DE07}.Debug|x64.ActiveCfg = Debug|Any CPU
		{0256C42F-AC43-4579-B83C-6621A396DE07}.Debug|x64.Build.0 = Debug|Any CPU
		{0256C42F-AC43-4579-B83C-6621A396DE07}.Debug|x86.ActiveCfg = Debug|Any CPU
		{0256C42F-AC43-4579-B83C-6621A396DE07}.Debug|x86.Build.0 = Debug|Any CPU
		{0256C42F-AC43-4579-B83C-6621A396DE07}.Release|Any CPU.ActiveCfg = Release|Any CPU
		{0256C42F-AC43-4579-B83C-6621A396DE07}.Release|Any CPU.Build.0 = Release|Any CPU
		{0256C42F-AC43-4579-B83C-6621A396DE07}.Release|x64.ActiveCfg = Release|Any CPU
		{0256C42F-AC43-4579-B83C-6621A396DE07}.Release|x64.Build.0 = Release|Any CPU
		{0256C42F-AC43-4579-B83C-6621A396DE07}.Release|x86.ActiveCfg = Release|Any CPU
		{0256C42F-AC43-4579-B83C-6621A396DE07}.Release|x86.Build.0 = Release|Any CPU
		{C234FFB8-9942-48E9-A3F9-87677C03D8E9}.Debug|Any CPU.ActiveCfg = Debug|Any CPU
		{C234FFB8-9942-48E9-A3F9-87677C03D8E9}.Debug|Any CPU.Build.0 = Debug|Any CPU
		{C234FFB8-9942-48E9-A3F9-87677C03D8E9}.Debug|x64.ActiveCfg = Debug|Any CPU
		{C234FFB8-9942-48E9-A3F9-87677C03D8E9}.Debug|x64.Build.0 = Debug|Any CPU
		{C234FFB8-9942-48E9-A3F9-87677C03D8E9}.Debug|x86.ActiveCfg = Debug|Any CPU
		{C234FFB8-9942-48E9-A3F9-87677C03D8E9}.Debug|x86.Build.0 = Debug|Any CPU
		{C234FFB8-9942-48E9-A3F9-87677C03D8E9}.Release|Any CPU.ActiveCfg = Release|Any CPU
		{C234FFB8-9942-48E9-A3F9-87677C03D8E9}.Release|Any CPU.Build.0 = Release|Any CPU
		{C234FFB8-9942-48E9-A3F9-87677C03D8E9}.Release|x64.ActiveCfg = Release|Any CPU
		{C234FFB8-9942-48E9-A3F9-87677C03D8E9}.Release|x64.Build.0 = Release|Any CPU
		{C234FFB8-9942-48E9-A3F9-87677C03D8E9}.Release|x86.ActiveCfg = Release|Any CPU
		{C234FFB8-9942-48E9-A3F9-87677C03D8E9}.Release|x86.Build.0 = Release|Any CPU
		{F4287799-195F-4F9B-B2BC-86CB03635C7F}.Debug|Any CPU.ActiveCfg = Debug|Any CPU
		{F4287799-195F-4F9B-B2BC-86CB03635C7F}.Debug|Any CPU.Build.0 = Debug|Any CPU
		{F4287799-195F-4F9B-B2BC-86CB03635C7F}.Debug|x64.ActiveCfg = Debug|Any CPU
		{F4287799-195F-4F9B-B2BC-86CB03635C7F}.Debug|x64.Build.0 = Debug|Any CPU
		{F4287799-195F-4F9B-B2BC-86CB03635C7F}.Debug|x86.ActiveCfg = Debug|Any CPU
		{F4287799-195F-4F9B-B2BC-86CB03635C7F}.Debug|x86.Build.0 = Debug|Any CPU
		{F4287799-195F-4F9B-B2BC-86CB03635C7F}.Release|Any CPU.ActiveCfg = Release|Any CPU
		{F4287799-195F-4F9B-B2BC-86CB03635C7F}.Release|Any CPU.Build.0 = Release|Any CPU
		{F4287799-195F-4F9B-B2BC-86CB03635C7F}.Release|x64.ActiveCfg = Release|Any CPU
		{F4287799-195F-4F9B-B2BC-86CB03635C7F}.Release|x64.Build.0 = Release|Any CPU
		{F4287799-195F-4F9B-B2BC-86CB03635C7F}.Release|x86.ActiveCfg = Release|Any CPU
		{F4287799-195F-4F9B-B2BC-86CB03635C7F}.Release|x86.Build.0 = Release|Any CPU
		{D221D435-27BE-43E5-BBD1-A7AEA8B51861}.Debug|Any CPU.ActiveCfg = Debug|Any CPU
		{D221D435-27BE-43E5-BBD1-A7AEA8B51861}.Debug|Any CPU.Build.0 = Debug|Any CPU
		{D221D435-27BE-43E5-BBD1-A7AEA8B51861}.Debug|x64.ActiveCfg = Debug|Any CPU
		{D221D435-27BE-43E5-BBD1-A7AEA8B51861}.Debug|x64.Build.0 = Debug|Any CPU
		{D221D435-27BE-43E5-BBD1-A7AEA8B51861}.Debug|x86.ActiveCfg = Debug|Any CPU
		{D221D435-27BE-43E5-BBD1-A7AEA8B51861}.Debug|x86.Build.0 = Debug|Any CPU
		{D221D435-27BE-43E5-BBD1-A7AEA8B51861}.Release|Any CPU.ActiveCfg = Release|Any CPU
		{D221D435-27BE-43E5-BBD1-A7AEA8B51861}.Release|Any CPU.Build.0 = Release|Any CPU
		{D221D435-27BE-43E5-BBD1-A7AEA8B51861}.Release|x64.ActiveCfg = Release|Any CPU
		{D221D435-27BE-43E5-BBD1-A7AEA8B51861}.Release|x64.Build.0 = Release|Any CPU
		{D221D435-27BE-43E5-BBD1-A7AEA8B51861}.Release|x86.ActiveCfg = Release|Any CPU
		{D221D435-27BE-43E5-BBD1-A7AEA8B51861}.Release|x86.Build.0 = Release|Any CPU
		{20E7E2C4-C7B6-49A7-B2C0-8A668D0B3311}.Debug|Any CPU.ActiveCfg = Debug|Any CPU
		{20E7E2C4-C7B6-49A7-B2C0-8A668D0B3311}.Debug|Any CPU.Build.0 = Debug|Any CPU
		{20E7E2C4-C7B6-49A7-B2C0-8A668D0B3311}.Debug|x64.ActiveCfg = Debug|Any CPU
		{20E7E2C4-C7B6-49A7-B2C0-8A668D0B3311}.Debug|x64.Build.0 = Debug|Any CPU
		{20E7E2C4-C7B6-49A7-B2C0-8A668D0B3311}.Debug|x86.ActiveCfg = Debug|Any CPU
		{20E7E2C4-C7B6-49A7-B2C0-8A668D0B3311}.Debug|x86.Build.0 = Debug|Any CPU
		{20E7E2C4-C7B6-49A7-B2C0-8A668D0B3311}.Release|Any CPU.ActiveCfg = Release|Any CPU
		{20E7E2C4-C7B6-49A7-B2C0-8A668D0B3311}.Release|Any CPU.Build.0 = Release|Any CPU
		{20E7E2C4-C7B6-49A7-B2C0-8A668D0B3311}.Release|x64.ActiveCfg = Release|Any CPU
		{20E7E2C4-C7B6-49A7-B2C0-8A668D0B3311}.Release|x64.Build.0 = Release|Any CPU
		{20E7E2C4-C7B6-49A7-B2C0-8A668D0B3311}.Release|x86.ActiveCfg = Release|Any CPU
		{20E7E2C4-C7B6-49A7-B2C0-8A668D0B3311}.Release|x86.Build.0 = Release|Any CPU
		{51A7CE7C-4D4B-4105-973C-A7C71848E7C1}.Debug|Any CPU.ActiveCfg = Debug|Any CPU
		{51A7CE7C-4D4B-4105-973C-A7C71848E7C1}.Debug|Any CPU.Build.0 = Debug|Any CPU
		{51A7CE7C-4D4B-4105-973C-A7C71848E7C1}.Debug|x64.ActiveCfg = Debug|Any CPU
		{51A7CE7C-4D4B-4105-973C-A7C71848E7C1}.Debug|x64.Build.0 = Debug|Any CPU
		{51A7CE7C-4D4B-4105-973C-A7C71848E7C1}.Debug|x86.ActiveCfg = Debug|Any CPU
		{51A7CE7C-4D4B-4105-973C-A7C71848E7C1}.Debug|x86.Build.0 = Debug|Any CPU
		{51A7CE7C-4D4B-4105-973C-A7C71848E7C1}.Release|Any CPU.ActiveCfg = Release|Any CPU
		{51A7CE7C-4D4B-4105-973C-A7C71848E7C1}.Release|Any CPU.Build.0 = Release|Any CPU
		{51A7CE7C-4D4B-4105-973C-A7C71848E7C1}.Release|x64.ActiveCfg = Release|Any CPU
		{51A7CE7C-4D4B-4105-973C-A7C71848E7C1}.Release|x64.Build.0 = Release|Any CPU
		{51A7CE7C-4D4B-4105-973C-A7C71848E7C1}.Release|x86.ActiveCfg = Release|Any CPU
		{51A7CE7C-4D4B-4105-973C-A7C71848E7C1}.Release|x86.Build.0 = Release|Any CPU
		{0D1EB969-5B78-492A-8F5B-F73D69CC0D63}.Debug|Any CPU.ActiveCfg = Debug|Any CPU
		{0D1EB969-5B78-492A-8F5B-F73D69CC0D63}.Debug|Any CPU.Build.0 = Debug|Any CPU
		{0D1EB969-5B78-492A-8F5B-F73D69CC0D63}.Debug|x64.ActiveCfg = Debug|Any CPU
		{0D1EB969-5B78-492A-8F5B-F73D69CC0D63}.Debug|x64.Build.0 = Debug|Any CPU
		{0D1EB969-5B78-492A-8F5B-F73D69CC0D63}.Debug|x86.ActiveCfg = Debug|Any CPU
		{0D1EB969-5B78-492A-8F5B-F73D69CC0D63}.Debug|x86.Build.0 = Debug|Any CPU
		{0D1EB969-5B78-492A-8F5B-F73D69CC0D63}.Release|Any CPU.ActiveCfg = Release|Any CPU
		{0D1EB969-5B78-492A-8F5B-F73D69CC0D63}.Release|Any CPU.Build.0 = Release|Any CPU
		{0D1EB969-5B78-492A-8F5B-F73D69CC0D63}.Release|x64.ActiveCfg = Release|Any CPU
		{0D1EB969-5B78-492A-8F5B-F73D69CC0D63}.Release|x64.Build.0 = Release|Any CPU
		{0D1EB969-5B78-492A-8F5B-F73D69CC0D63}.Release|x86.ActiveCfg = Release|Any CPU
		{0D1EB969-5B78-492A-8F5B-F73D69CC0D63}.Release|x86.Build.0 = Release|Any CPU
		{4DDBF43D-E39F-42F7-89E8-B4965A8D01C6}.Debug|Any CPU.ActiveCfg = Debug|Any CPU
		{4DDBF43D-E39F-42F7-89E8-B4965A8D01C6}.Debug|Any CPU.Build.0 = Debug|Any CPU
		{4DDBF43D-E39F-42F7-89E8-B4965A8D01C6}.Debug|x64.ActiveCfg = Debug|Any CPU
		{4DDBF43D-E39F-42F7-89E8-B4965A8D01C6}.Debug|x64.Build.0 = Debug|Any CPU
		{4DDBF43D-E39F-42F7-89E8-B4965A8D01C6}.Debug|x86.ActiveCfg = Debug|Any CPU
		{4DDBF43D-E39F-42F7-89E8-B4965A8D01C6}.Debug|x86.Build.0 = Debug|Any CPU
		{4DDBF43D-E39F-42F7-89E8-B4965A8D01C6}.Release|Any CPU.ActiveCfg = Release|Any CPU
		{4DDBF43D-E39F-42F7-89E8-B4965A8D01C6}.Release|Any CPU.Build.0 = Release|Any CPU
		{4DDBF43D-E39F-42F7-89E8-B4965A8D01C6}.Release|x64.ActiveCfg = Release|Any CPU
		{4DDBF43D-E39F-42F7-89E8-B4965A8D01C6}.Release|x64.Build.0 = Release|Any CPU
		{4DDBF43D-E39F-42F7-89E8-B4965A8D01C6}.Release|x86.ActiveCfg = Release|Any CPU
		{4DDBF43D-E39F-42F7-89E8-B4965A8D01C6}.Release|x86.Build.0 = Release|Any CPU
		{44665384-DBD5-457D-B565-C7DEA3463266}.Debug|Any CPU.ActiveCfg = Debug|Any CPU
		{44665384-DBD5-457D-B565-C7DEA3463266}.Debug|Any CPU.Build.0 = Debug|Any CPU
		{44665384-DBD5-457D-B565-C7DEA3463266}.Debug|x64.ActiveCfg = Debug|Any CPU
		{44665384-DBD5-457D-B565-C7DEA3463266}.Debug|x64.Build.0 = Debug|Any CPU
		{44665384-DBD5-457D-B565-C7DEA3463266}.Debug|x86.ActiveCfg = Debug|Any CPU
		{44665384-DBD5-457D-B565-C7DEA3463266}.Debug|x86.Build.0 = Debug|Any CPU
		{44665384-DBD5-457D-B565-C7DEA3463266}.Release|Any CPU.ActiveCfg = Release|Any CPU
		{44665384-DBD5-457D-B565-C7DEA3463266}.Release|Any CPU.Build.0 = Release|Any CPU
		{44665384-DBD5-457D-B565-C7DEA3463266}.Release|x64.ActiveCfg = Release|Any CPU
		{44665384-DBD5-457D-B565-C7DEA3463266}.Release|x64.Build.0 = Release|Any CPU
		{44665384-DBD5-457D-B565-C7DEA3463266}.Release|x86.ActiveCfg = Release|Any CPU
		{44665384-DBD5-457D-B565-C7DEA3463266}.Release|x86.Build.0 = Release|Any CPU
		{06DB55BB-45D7-4ECA-B420-CF429151DB27}.Debug|Any CPU.ActiveCfg = Debug|Any CPU
		{06DB55BB-45D7-4ECA-B420-CF429151DB27}.Debug|Any CPU.Build.0 = Debug|Any CPU
		{06DB55BB-45D7-4ECA-B420-CF429151DB27}.Debug|x64.ActiveCfg = Debug|Any CPU
		{06DB55BB-45D7-4ECA-B420-CF429151DB27}.Debug|x64.Build.0 = Debug|Any CPU
		{06DB55BB-45D7-4ECA-B420-CF429151DB27}.Debug|x86.ActiveCfg = Debug|Any CPU
		{06DB55BB-45D7-4ECA-B420-CF429151DB27}.Debug|x86.Build.0 = Debug|Any CPU
		{06DB55BB-45D7-4ECA-B420-CF429151DB27}.Release|Any CPU.ActiveCfg = Release|Any CPU
		{06DB55BB-45D7-4ECA-B420-CF429151DB27}.Release|Any CPU.Build.0 = Release|Any CPU
		{06DB55BB-45D7-4ECA-B420-CF429151DB27}.Release|x64.ActiveCfg = Release|Any CPU
		{06DB55BB-45D7-4ECA-B420-CF429151DB27}.Release|x64.Build.0 = Release|Any CPU
		{06DB55BB-45D7-4ECA-B420-CF429151DB27}.Release|x86.ActiveCfg = Release|Any CPU
		{06DB55BB-45D7-4ECA-B420-CF429151DB27}.Release|x86.Build.0 = Release|Any CPU
		{619C5DE2-231F-4873-AED0-AAB5BE43707C}.Debug|Any CPU.ActiveCfg = Debug|Any CPU
		{619C5DE2-231F-4873-AED0-AAB5BE43707C}.Debug|Any CPU.Build.0 = Debug|Any CPU
		{619C5DE2-231F-4873-AED0-AAB5BE43707C}.Debug|x64.ActiveCfg = Debug|Any CPU
		{619C5DE2-231F-4873-AED0-AAB5BE43707C}.Debug|x64.Build.0 = Debug|Any CPU
		{619C5DE2-231F-4873-AED0-AAB5BE43707C}.Debug|x86.ActiveCfg = Debug|Any CPU
		{619C5DE2-231F-4873-AED0-AAB5BE43707C}.Debug|x86.Build.0 = Debug|Any CPU
		{619C5DE2-231F-4873-AED0-AAB5BE43707C}.Release|Any CPU.ActiveCfg = Release|Any CPU
		{619C5DE2-231F-4873-AED0-AAB5BE43707C}.Release|Any CPU.Build.0 = Release|Any CPU
		{619C5DE2-231F-4873-AED0-AAB5BE43707C}.Release|x64.ActiveCfg = Release|Any CPU
		{619C5DE2-231F-4873-AED0-AAB5BE43707C}.Release|x64.Build.0 = Release|Any CPU
		{619C5DE2-231F-4873-AED0-AAB5BE43707C}.Release|x86.ActiveCfg = Release|Any CPU
		{619C5DE2-231F-4873-AED0-AAB5BE43707C}.Release|x86.Build.0 = Release|Any CPU
		{5DA719EF-2894-470F-BD87-2D7B20D0CEA3}.Debug|Any CPU.ActiveCfg = Debug|Any CPU
		{5DA719EF-2894-470F-BD87-2D7B20D0CEA3}.Debug|Any CPU.Build.0 = Debug|Any CPU
		{5DA719EF-2894-470F-BD87-2D7B20D0CEA3}.Debug|x64.ActiveCfg = Debug|Any CPU
		{5DA719EF-2894-470F-BD87-2D7B20D0CEA3}.Debug|x64.Build.0 = Debug|Any CPU
		{5DA719EF-2894-470F-BD87-2D7B20D0CEA3}.Debug|x86.ActiveCfg = Debug|Any CPU
		{5DA719EF-2894-470F-BD87-2D7B20D0CEA3}.Debug|x86.Build.0 = Debug|Any CPU
		{5DA719EF-2894-470F-BD87-2D7B20D0CEA3}.Release|Any CPU.ActiveCfg = Release|Any CPU
		{5DA719EF-2894-470F-BD87-2D7B20D0CEA3}.Release|Any CPU.Build.0 = Release|Any CPU
		{5DA719EF-2894-470F-BD87-2D7B20D0CEA3}.Release|x64.ActiveCfg = Release|Any CPU
		{5DA719EF-2894-470F-BD87-2D7B20D0CEA3}.Release|x64.Build.0 = Release|Any CPU
		{5DA719EF-2894-470F-BD87-2D7B20D0CEA3}.Release|x86.ActiveCfg = Release|Any CPU
		{5DA719EF-2894-470F-BD87-2D7B20D0CEA3}.Release|x86.Build.0 = Release|Any CPU
		{C6554CB8-6186-4453-B657-75A3E5139340}.Debug|Any CPU.ActiveCfg = Debug|Any CPU
		{C6554CB8-6186-4453-B657-75A3E5139340}.Debug|Any CPU.Build.0 = Debug|Any CPU
		{C6554CB8-6186-4453-B657-75A3E5139340}.Debug|x64.ActiveCfg = Debug|Any CPU
		{C6554CB8-6186-4453-B657-75A3E5139340}.Debug|x64.Build.0 = Debug|Any CPU
		{C6554CB8-6186-4453-B657-75A3E5139340}.Debug|x86.ActiveCfg = Debug|Any CPU
		{C6554CB8-6186-4453-B657-75A3E5139340}.Debug|x86.Build.0 = Debug|Any CPU
		{C6554CB8-6186-4453-B657-75A3E5139340}.Release|Any CPU.ActiveCfg = Release|Any CPU
		{C6554CB8-6186-4453-B657-75A3E5139340}.Release|Any CPU.Build.0 = Release|Any CPU
		{C6554CB8-6186-4453-B657-75A3E5139340}.Release|x64.ActiveCfg = Release|Any CPU
		{C6554CB8-6186-4453-B657-75A3E5139340}.Release|x64.Build.0 = Release|Any CPU
		{C6554CB8-6186-4453-B657-75A3E5139340}.Release|x86.ActiveCfg = Release|Any CPU
		{C6554CB8-6186-4453-B657-75A3E5139340}.Release|x86.Build.0 = Release|Any CPU
		{94CD385D-B318-4586-833F-12839AE3212D}.Debug|Any CPU.ActiveCfg = Debug|Any CPU
		{94CD385D-B318-4586-833F-12839AE3212D}.Debug|Any CPU.Build.0 = Debug|Any CPU
		{94CD385D-B318-4586-833F-12839AE3212D}.Debug|x64.ActiveCfg = Debug|Any CPU
		{94CD385D-B318-4586-833F-12839AE3212D}.Debug|x64.Build.0 = Debug|Any CPU
		{94CD385D-B318-4586-833F-12839AE3212D}.Debug|x86.ActiveCfg = Debug|Any CPU
		{94CD385D-B318-4586-833F-12839AE3212D}.Debug|x86.Build.0 = Debug|Any CPU
		{94CD385D-B318-4586-833F-12839AE3212D}.Release|Any CPU.ActiveCfg = Release|Any CPU
		{94CD385D-B318-4586-833F-12839AE3212D}.Release|Any CPU.Build.0 = Release|Any CPU
		{94CD385D-B318-4586-833F-12839AE3212D}.Release|x64.ActiveCfg = Release|Any CPU
		{94CD385D-B318-4586-833F-12839AE3212D}.Release|x64.Build.0 = Release|Any CPU
		{94CD385D-B318-4586-833F-12839AE3212D}.Release|x86.ActiveCfg = Release|Any CPU
		{94CD385D-B318-4586-833F-12839AE3212D}.Release|x86.Build.0 = Release|Any CPU
		{C26C1C70-79E0-4A0C-A694-C0AB71352E38}.Debug|Any CPU.ActiveCfg = Debug|Any CPU
		{C26C1C70-79E0-4A0C-A694-C0AB71352E38}.Debug|Any CPU.Build.0 = Debug|Any CPU
		{C26C1C70-79E0-4A0C-A694-C0AB71352E38}.Debug|x64.ActiveCfg = Debug|Any CPU
		{C26C1C70-79E0-4A0C-A694-C0AB71352E38}.Debug|x64.Build.0 = Debug|Any CPU
		{C26C1C70-79E0-4A0C-A694-C0AB71352E38}.Debug|x86.ActiveCfg = Debug|Any CPU
		{C26C1C70-79E0-4A0C-A694-C0AB71352E38}.Debug|x86.Build.0 = Debug|Any CPU
		{C26C1C70-79E0-4A0C-A694-C0AB71352E38}.Release|Any CPU.ActiveCfg = Release|Any CPU
		{C26C1C70-79E0-4A0C-A694-C0AB71352E38}.Release|Any CPU.Build.0 = Release|Any CPU
		{C26C1C70-79E0-4A0C-A694-C0AB71352E38}.Release|x64.ActiveCfg = Release|Any CPU
		{C26C1C70-79E0-4A0C-A694-C0AB71352E38}.Release|x64.Build.0 = Release|Any CPU
		{C26C1C70-79E0-4A0C-A694-C0AB71352E38}.Release|x86.ActiveCfg = Release|Any CPU
		{C26C1C70-79E0-4A0C-A694-C0AB71352E38}.Release|x86.Build.0 = Release|Any CPU
	EndGlobalSection
	GlobalSection(SolutionProperties) = preSolution
		HideSolutionNode = FALSE
	EndGlobalSection
	GlobalSection(NestedProjects) = preSolution
		{F454B846-F746-4040-9529-D1B26CFAD209} = {908BFB5F-B92E-4D6A-8D9C-4E37E804B25F}
		{651F78B2-F6BF-4532-83F5-858626E433AA} = {77235EC6-15B4-4DA9-9791-C2A33D19E936}
		{ADEC06D9-0286-412A-BB01-A12BFBCA1935} = {77235EC6-15B4-4DA9-9791-C2A33D19E936}
		{54AC082E-60DA-4C4E-A425-77163CF86EDE} = {77235EC6-15B4-4DA9-9791-C2A33D19E936}
		{9C81C1E5-D9A5-4D82-ADC4-D3FBD521E1FB} = {0798047A-5771-456C-AB51-E08FD8399189}
		{973C2842-FCAE-4880-A6B3-A704BBD8734A} = {0798047A-5771-456C-AB51-E08FD8399189}
		{72A81CDB-12AC-4B8F-828D-E1B81AE1F453} = {0798047A-5771-456C-AB51-E08FD8399189}
		{DBB46CB3-7D55-4F12-9581-500E4C103E0C} = {908BFB5F-B92E-4D6A-8D9C-4E37E804B25F}
		{FB0741B9-AB11-41F8-B46B-5A9E3B153C38} = {0798047A-5771-456C-AB51-E08FD8399189}
		{8DCFCBD7-C621-4045-A27D-FE3E16B9DBFF} = {0798047A-5771-456C-AB51-E08FD8399189}
		{80BB989F-95FA-413D-8296-9A5FF9480A73} = {0798047A-5771-456C-AB51-E08FD8399189}
		{B3E3378A-7FD6-4C4C-8044-13A0F8AF7127} = {0798047A-5771-456C-AB51-E08FD8399189}
		{4126EB2D-FA0D-4FAD-9BD8-A36EDE985E2D} = {0798047A-5771-456C-AB51-E08FD8399189}
		{D1803B19-CDA4-4B73-9340-E7C3ACFAC9D9} = {0798047A-5771-456C-AB51-E08FD8399189}
		{CB5E2A74-C74A-46D2-B8F4-7560F74E20A9} = {FE92B26F-EB58-4924-933E-9C72911556D2}
		{6F74A79F-3932-4C0F-AECF-247F6BD5D536} = {FE92B26F-EB58-4924-933E-9C72911556D2}
		{D6BF4523-2EFA-462D-8152-72055422C5AA} = {FE92B26F-EB58-4924-933E-9C72911556D2}
		{0256C42F-AC43-4579-B83C-6621A396DE07} = {FE92B26F-EB58-4924-933E-9C72911556D2}
		{C234FFB8-9942-48E9-A3F9-87677C03D8E9} = {56756262-93D4-4A90-A960-BDF16BF2B224}
		{F4287799-195F-4F9B-B2BC-86CB03635C7F} = {DAF25E8B-BC62-42CA-9729-FA5C803A3EB3}
		{D221D435-27BE-43E5-BBD1-A7AEA8B51861} = {DAF25E8B-BC62-42CA-9729-FA5C803A3EB3}
		{20E7E2C4-C7B6-49A7-B2C0-8A668D0B3311} = {DAF25E8B-BC62-42CA-9729-FA5C803A3EB3}
		{51A7CE7C-4D4B-4105-973C-A7C71848E7C1} = {56756262-93D4-4A90-A960-BDF16BF2B224}
		{0D1EB969-5B78-492A-8F5B-F73D69CC0D63} = {56756262-93D4-4A90-A960-BDF16BF2B224}
		{4DDBF43D-E39F-42F7-89E8-B4965A8D01C6} = {56756262-93D4-4A90-A960-BDF16BF2B224}
		{44665384-DBD5-457D-B565-C7DEA3463266} = {DAF25E8B-BC62-42CA-9729-FA5C803A3EB3}
		{06DB55BB-45D7-4ECA-B420-CF429151DB27} = {A5D278E5-80BD-4644-9EA3-D56FAC94245F}
		{619C5DE2-231F-4873-AED0-AAB5BE43707C} = {908BFB5F-B92E-4D6A-8D9C-4E37E804B25F}
		{5DA719EF-2894-470F-BD87-2D7B20D0CEA3} = {3ED6D831-08E5-4794-A5A6-C70FB9140668}
		{C6554CB8-6186-4453-B657-75A3E5139340} = {DAF25E8B-BC62-42CA-9729-FA5C803A3EB3}
		{94CD385D-B318-4586-833F-12839AE3212D} = {3ED6D831-08E5-4794-A5A6-C70FB9140668}
		{C26C1C70-79E0-4A0C-A694-C0AB71352E38} = {DAF25E8B-BC62-42CA-9729-FA5C803A3EB3}
	EndGlobalSection
	GlobalSection(ExtensibilityGlobals) = postSolution
		SolutionGuid = {81B1A454-FBB1-449B-8B90-E9E2090CA351}
	EndGlobalSection
EndGlobal
